// !$*UTF8*$!
{
	archiveVersion = 1;
	classes = {
	};
	objectVersion = 56;
	objects = {

/* Begin PBXBuildFile section */
		8E75C2EA2CC8903E00B03D14 /* PedestalApp.swift in Sources */ = {isa = PBXBuildFile; fileRef = 8E75C2E92CC8903E00B03D14 /* PedestalApp.swift */; };
		8E75C2EC2CC8903E00B03D14 /* ContentView.swift in Sources */ = {isa = PBXBuildFile; fileRef = 8E75C2EB2CC8903E00B03D14 /* ContentView.swift */; };
		8E75C2EE2CC8904000B03D14 /* Assets.xcassets in Resources */ = {isa = PBXBuildFile; fileRef = 8E75C2ED2CC8904000B03D14 /* Assets.xcassets */; };
		8E75C2F12CC8904000B03D14 /* Preview Assets.xcassets in Resources */ = {isa = PBXBuildFile; fileRef = 8E75C2F02CC8904000B03D14 /* Preview Assets.xcassets */; };
		8E75C2F82CC890D500B03D14 /* TimelineView.swift in Sources */ = {isa = PBXBuildFile; fileRef = 8E75C2F72CC890D500B03D14 /* TimelineView.swift */; };
		8EF819EF2CC9DCC900C60229 /* PostView.swift in Sources */ = {isa = PBXBuildFile; fileRef = 8EF819EE2CC9DCC900C60229 /* PostView.swift */; };
		8EF819F22CC9E79700C60229 /* MarkdownUI in Frameworks */ = {isa = PBXBuildFile; productRef = 8EF819F12CC9E79700C60229 /* MarkdownUI */; };
		8EF819F72CCAA32D00C60229 /* Posts.swift in Sources */ = {isa = PBXBuildFile; fileRef = 8EF819F62CCAA32D00C60229 /* Posts.swift */; };
		8EF819F92CCAA34200C60229 /* Questions.swift in Sources */ = {isa = PBXBuildFile; fileRef = 8EF819F82CCAA34200C60229 /* Questions.swift */; };
		8EF819FB2CCAD54700C60229 /* Topics.swift in Sources */ = {isa = PBXBuildFile; fileRef = 8EF819FA2CCAD54700C60229 /* Topics.swift */; };
		8EF81A012CCC1D4C00C60229 /* Theme.swift in Sources */ = {isa = PBXBuildFile; fileRef = 8EF81A002CCC1D4C00C60229 /* Theme.swift */; };
		8EF81A052CCC3C0100C60229 /* MainTabView.swift in Sources */ = {isa = PBXBuildFile; fileRef = 8EF81A042CCC3C0100C60229 /* MainTabView.swift */; };
		8EF81A072CCC3F0B00C60229 /* BookmarksView.swift in Sources */ = {isa = PBXBuildFile; fileRef = 8EF81A062CCC3F0B00C60229 /* BookmarksView.swift */; };
		8EF81A092CCC3F1E00C60229 /* QuestionsView.swift in Sources */ = {isa = PBXBuildFile; fileRef = 8EF81A082CCC3F1E00C60229 /* QuestionsView.swift */; };
/* End PBXBuildFile section */

/* Begin PBXFileReference section */
		8E75C2E62CC8903E00B03D14 /* Pedestal.app */ = {isa = PBXFileReference; explicitFileType = wrapper.application; includeInIndex = 0; path = Pedestal.app; sourceTree = BUILT_PRODUCTS_DIR; };
		8E75C2E92CC8903E00B03D14 /* PedestalApp.swift */ = {isa = PBXFileReference; lastKnownFileType = sourcecode.swift; path = PedestalApp.swift; sourceTree = "<group>"; };
		8E75C2EB2CC8903E00B03D14 /* ContentView.swift */ = {isa = PBXFileReference; lastKnownFileType = sourcecode.swift; path = ContentView.swift; sourceTree = "<group>"; };
		8E75C2ED2CC8904000B03D14 /* Assets.xcassets */ = {isa = PBXFileReference; lastKnownFileType = folder.assetcatalog; path = Assets.xcassets; sourceTree = "<group>"; };
		8E75C2F02CC8904000B03D14 /* Preview Assets.xcassets */ = {isa = PBXFileReference; lastKnownFileType = folder.assetcatalog; path = "Preview Assets.xcassets"; sourceTree = "<group>"; };
		8E75C2F72CC890D500B03D14 /* TimelineView.swift */ = {isa = PBXFileReference; lastKnownFileType = sourcecode.swift; path = TimelineView.swift; sourceTree = "<group>"; };
		8EF819EE2CC9DCC900C60229 /* PostView.swift */ = {isa = PBXFileReference; lastKnownFileType = sourcecode.swift; path = PostView.swift; sourceTree = "<group>"; };
		8EF819F62CCAA32D00C60229 /* Posts.swift */ = {isa = PBXFileReference; lastKnownFileType = sourcecode.swift; path = Posts.swift; sourceTree = "<group>"; };
		8EF819F82CCAA34200C60229 /* Questions.swift */ = {isa = PBXFileReference; lastKnownFileType = sourcecode.swift; path = Questions.swift; sourceTree = "<group>"; };
		8EF819FA2CCAD54700C60229 /* Topics.swift */ = {isa = PBXFileReference; lastKnownFileType = sourcecode.swift; path = Topics.swift; sourceTree = "<group>"; };
		8EF81A002CCC1D4C00C60229 /* Theme.swift */ = {isa = PBXFileReference; lastKnownFileType = sourcecode.swift; path = Theme.swift; sourceTree = "<group>"; };
		8EF81A042CCC3C0100C60229 /* MainTabView.swift */ = {isa = PBXFileReference; lastKnownFileType = sourcecode.swift; path = MainTabView.swift; sourceTree = "<group>"; };
		8EF81A062CCC3F0B00C60229 /* BookmarksView.swift */ = {isa = PBXFileReference; lastKnownFileType = sourcecode.swift; path = BookmarksView.swift; sourceTree = "<group>"; };
		8EF81A082CCC3F1E00C60229 /* QuestionsView.swift */ = {isa = PBXFileReference; lastKnownFileType = sourcecode.swift; path = QuestionsView.swift; sourceTree = "<group>"; };
/* End PBXFileReference section */

/* Begin PBXFrameworksBuildPhase section */
		8E75C2E32CC8903E00B03D14 /* Frameworks */ = {
			isa = PBXFrameworksBuildPhase;
			buildActionMask = 2147483647;
			files = (
				8EF819F22CC9E79700C60229 /* MarkdownUI in Frameworks */,
			);
			runOnlyForDeploymentPostprocessing = 0;
		};
/* End PBXFrameworksBuildPhase section */

/* Begin PBXGroup section */
		8E75C2DD2CC8903E00B03D14 = {
			isa = PBXGroup;
			children = (
				8E75C2E82CC8903E00B03D14 /* Pedestal */,
				8E75C2E72CC8903E00B03D14 /* Products */,
			);
			sourceTree = "<group>";
		};
		8E75C2E72CC8903E00B03D14 /* Products */ = {
			isa = PBXGroup;
			children = (
				8E75C2E62CC8903E00B03D14 /* Pedestal.app */,
			);
			name = Products;
			sourceTree = "<group>";
		};
		8E75C2E82CC8903E00B03D14 /* Pedestal */ = {
			isa = PBXGroup;
			children = (
				8EF819F52CCAA30700C60229 /* Models */,
				8E75C2E92CC8903E00B03D14 /* PedestalApp.swift */,
				8E75C2F72CC890D500B03D14 /* TimelineView.swift */,
				8E75C2EB2CC8903E00B03D14 /* ContentView.swift */,
				8EF819EE2CC9DCC900C60229 /* PostView.swift */,
				8EF81A062CCC3F0B00C60229 /* BookmarksView.swift */,
				8EF81A042CCC3C0100C60229 /* MainTabView.swift */,
				8EF81A082CCC3F1E00C60229 /* QuestionsView.swift */,
				8E75C2ED2CC8904000B03D14 /* Assets.xcassets */,
				8E75C2EF2CC8904000B03D14 /* Preview Content */,
			);
			path = Pedestal;
			sourceTree = "<group>";
		};
		8E75C2EF2CC8904000B03D14 /* Preview Content */ = {
			isa = PBXGroup;
			children = (
				8E75C2F02CC8904000B03D14 /* Preview Assets.xcassets */,
			);
			path = "Preview Content";
			sourceTree = "<group>";
		};
		8EF819F52CCAA30700C60229 /* Models */ = {
			isa = PBXGroup;
			children = (
				8EF819F62CCAA32D00C60229 /* Posts.swift */,
				8EF819F82CCAA34200C60229 /* Questions.swift */,
				8EF819FA2CCAD54700C60229 /* Topics.swift */,
				8EF81A002CCC1D4C00C60229 /* Theme.swift */,
			);
			path = Models;
			sourceTree = "<group>";
		};
/* End PBXGroup section */

/* Begin PBXNativeTarget section */
		8E75C2E52CC8903E00B03D14 /* Pedestal */ = {
			isa = PBXNativeTarget;
			buildConfigurationList = 8E75C2F42CC8904000B03D14 /* Build configuration list for PBXNativeTarget "Pedestal" */;
			buildPhases = (
				8E75C2E22CC8903E00B03D14 /* Sources */,
				8E75C2E32CC8903E00B03D14 /* Frameworks */,
				8E75C2E42CC8903E00B03D14 /* Resources */,
			);
			buildRules = (
			);
			dependencies = (
			);
			name = Pedestal;
			packageProductDependencies = (
				8EF819F12CC9E79700C60229 /* MarkdownUI */,
			);
			productName = Pedestal;
			productReference = 8E75C2E62CC8903E00B03D14 /* Pedestal.app */;
			productType = "com.apple.product-type.application";
		};
/* End PBXNativeTarget section */

/* Begin PBXProject section */
		8E75C2DE2CC8903E00B03D14 /* Project object */ = {
			isa = PBXProject;
			attributes = {
				BuildIndependentTargetsInParallel = 1;
				LastSwiftUpdateCheck = 1520;
				LastUpgradeCheck = 1520;
				TargetAttributes = {
					8E75C2E52CC8903E00B03D14 = {
						CreatedOnToolsVersion = 15.2;
					};
				};
			};
			buildConfigurationList = 8E75C2E12CC8903E00B03D14 /* Build configuration list for PBXProject "Pedestal" */;
			compatibilityVersion = "Xcode 14.0";
			developmentRegion = en;
			hasScannedForEncodings = 0;
			knownRegions = (
				en,
				Base,
			);
			mainGroup = 8E75C2DD2CC8903E00B03D14;
			packageReferences = (
				8EF819F02CC9E79600C60229 /* XCRemoteSwiftPackageReference "swift-markdown-ui" */,
			);
			productRefGroup = 8E75C2E72CC8903E00B03D14 /* Products */;
			projectDirPath = "";
			projectRoot = "";
			targets = (
				8E75C2E52CC8903E00B03D14 /* Pedestal */,
			);
		};
/* End PBXProject section */

/* Begin PBXResourcesBuildPhase section */
		8E75C2E42CC8903E00B03D14 /* Resources */ = {
			isa = PBXResourcesBuildPhase;
			buildActionMask = 2147483647;
			files = (
				8E75C2F12CC8904000B03D14 /* Preview Assets.xcassets in Resources */,
				8E75C2EE2CC8904000B03D14 /* Assets.xcassets in Resources */,
			);
			runOnlyForDeploymentPostprocessing = 0;
		};
/* End PBXResourcesBuildPhase section */

/* Begin PBXSourcesBuildPhase section */
		8E75C2E22CC8903E00B03D14 /* Sources */ = {
			isa = PBXSourcesBuildPhase;
			buildActionMask = 2147483647;
			files = (
				8EF81A012CCC1D4C00C60229 /* Theme.swift in Sources */,
				8E75C2EC2CC8903E00B03D14 /* ContentView.swift in Sources */,
				8EF819FB2CCAD54700C60229 /* Topics.swift in Sources */,
				8EF819F72CCAA32D00C60229 /* Posts.swift in Sources */,
				8EF81A092CCC3F1E00C60229 /* QuestionsView.swift in Sources */,
				8E75C2F82CC890D500B03D14 /* TimelineView.swift in Sources */,
				8EF819F92CCAA34200C60229 /* Questions.swift in Sources */,
				8EF819EF2CC9DCC900C60229 /* PostView.swift in Sources */,
				8E75C2EA2CC8903E00B03D14 /* PedestalApp.swift in Sources */,
				8EF81A072CCC3F0B00C60229 /* BookmarksView.swift in Sources */,
				8EF81A052CCC3C0100C60229 /* MainTabView.swift in Sources */,
			);
			runOnlyForDeploymentPostprocessing = 0;
		};
/* End PBXSourcesBuildPhase section */

/* Begin XCBuildConfiguration section */
		8E75C2F22CC8904000B03D14 /* Debug */ = {
			isa = XCBuildConfiguration;
			buildSettings = {
				ALWAYS_SEARCH_USER_PATHS = NO;
				ASSETCATALOG_COMPILER_GENERATE_SWIFT_ASSET_SYMBOL_EXTENSIONS = YES;
				CLANG_ANALYZER_NONNULL = YES;
				CLANG_ANALYZER_NUMBER_OBJECT_CONVERSION = YES_AGGRESSIVE;
				CLANG_CXX_LANGUAGE_STANDARD = "gnu++20";
				CLANG_ENABLE_MODULES = YES;
				CLANG_ENABLE_OBJC_ARC = YES;
				CLANG_ENABLE_OBJC_WEAK = YES;
				CLANG_WARN_BLOCK_CAPTURE_AUTORELEASING = YES;
				CLANG_WARN_BOOL_CONVERSION = YES;
				CLANG_WARN_COMMA = YES;
				CLANG_WARN_CONSTANT_CONVERSION = YES;
				CLANG_WARN_DEPRECATED_OBJC_IMPLEMENTATIONS = YES;
				CLANG_WARN_DIRECT_OBJC_ISA_USAGE = YES_ERROR;
				CLANG_WARN_DOCUMENTATION_COMMENTS = YES;
				CLANG_WARN_EMPTY_BODY = YES;
				CLANG_WARN_ENUM_CONVERSION = YES;
				CLANG_WARN_INFINITE_RECURSION = YES;
				CLANG_WARN_INT_CONVERSION = YES;
				CLANG_WARN_NON_LITERAL_NULL_CONVERSION = YES;
				CLANG_WARN_OBJC_IMPLICIT_RETAIN_SELF = YES;
				CLANG_WARN_OBJC_LITERAL_CONVERSION = YES;
				CLANG_WARN_OBJC_ROOT_CLASS = YES_ERROR;
				CLANG_WARN_QUOTED_INCLUDE_IN_FRAMEWORK_HEADER = YES;
				CLANG_WARN_RANGE_LOOP_ANALYSIS = YES;
				CLANG_WARN_STRICT_PROTOTYPES = YES;
				CLANG_WARN_SUSPICIOUS_MOVE = YES;
				CLANG_WARN_UNGUARDED_AVAILABILITY = YES_AGGRESSIVE;
				CLANG_WARN_UNREACHABLE_CODE = YES;
				CLANG_WARN__DUPLICATE_METHOD_MATCH = YES;
				COPY_PHASE_STRIP = NO;
				DEBUG_INFORMATION_FORMAT = dwarf;
				ENABLE_STRICT_OBJC_MSGSEND = YES;
				ENABLE_TESTABILITY = YES;
				ENABLE_USER_SCRIPT_SANDBOXING = YES;
				GCC_C_LANGUAGE_STANDARD = gnu17;
				GCC_DYNAMIC_NO_PIC = NO;
				GCC_NO_COMMON_BLOCKS = YES;
				GCC_OPTIMIZATION_LEVEL = 0;
				GCC_PREPROCESSOR_DEFINITIONS = (
					"DEBUG=1",
					"$(inherited)",
				);
				GCC_WARN_64_TO_32_BIT_CONVERSION = YES;
				GCC_WARN_ABOUT_RETURN_TYPE = YES_ERROR;
				GCC_WARN_UNDECLARED_SELECTOR = YES;
				GCC_WARN_UNINITIALIZED_AUTOS = YES_AGGRESSIVE;
				GCC_WARN_UNUSED_FUNCTION = YES;
				GCC_WARN_UNUSED_VARIABLE = YES;
				IPHONEOS_DEPLOYMENT_TARGET = 17.2;
				LOCALIZATION_PREFERS_STRING_CATALOGS = YES;
				MTL_ENABLE_DEBUG_INFO = INCLUDE_SOURCE;
				MTL_FAST_MATH = YES;
				ONLY_ACTIVE_ARCH = YES;
				SDKROOT = iphoneos;
				SWIFT_ACTIVE_COMPILATION_CONDITIONS = "DEBUG $(inherited)";
				SWIFT_OPTIMIZATION_LEVEL = "-Onone";
			};
			name = Debug;
		};
		8E75C2F32CC8904000B03D14 /* Release */ = {
			isa = XCBuildConfiguration;
			buildSettings = {
				ALWAYS_SEARCH_USER_PATHS = NO;
				ASSETCATALOG_COMPILER_GENERATE_SWIFT_ASSET_SYMBOL_EXTENSIONS = YES;
				CLANG_ANALYZER_NONNULL = YES;
				CLANG_ANALYZER_NUMBER_OBJECT_CONVERSION = YES_AGGRESSIVE;
				CLANG_CXX_LANGUAGE_STANDARD = "gnu++20";
				CLANG_ENABLE_MODULES = YES;
				CLANG_ENABLE_OBJC_ARC = YES;
				CLANG_ENABLE_OBJC_WEAK = YES;
				CLANG_WARN_BLOCK_CAPTURE_AUTORELEASING = YES;
				CLANG_WARN_BOOL_CONVERSION = YES;
				CLANG_WARN_COMMA = YES;
				CLANG_WARN_CONSTANT_CONVERSION = YES;
				CLANG_WARN_DEPRECATED_OBJC_IMPLEMENTATIONS = YES;
				CLANG_WARN_DIRECT_OBJC_ISA_USAGE = YES_ERROR;
				CLANG_WARN_DOCUMENTATION_COMMENTS = YES;
				CLANG_WARN_EMPTY_BODY = YES;
				CLANG_WARN_ENUM_CONVERSION = YES;
				CLANG_WARN_INFINITE_RECURSION = YES;
				CLANG_WARN_INT_CONVERSION = YES;
				CLANG_WARN_NON_LITERAL_NULL_CONVERSION = YES;
				CLANG_WARN_OBJC_IMPLICIT_RETAIN_SELF = YES;
				CLANG_WARN_OBJC_LITERAL_CONVERSION = YES;
				CLANG_WARN_OBJC_ROOT_CLASS = YES_ERROR;
				CLANG_WARN_QUOTED_INCLUDE_IN_FRAMEWORK_HEADER = YES;
				CLANG_WARN_RANGE_LOOP_ANALYSIS = YES;
				CLANG_WARN_STRICT_PROTOTYPES = YES;
				CLANG_WARN_SUSPICIOUS_MOVE = YES;
				CLANG_WARN_UNGUARDED_AVAILABILITY = YES_AGGRESSIVE;
				CLANG_WARN_UNREACHABLE_CODE = YES;
				CLANG_WARN__DUPLICATE_METHOD_MATCH = YES;
				COPY_PHASE_STRIP = NO;
				DEBUG_INFORMATION_FORMAT = "dwarf-with-dsym";
				ENABLE_NS_ASSERTIONS = NO;
				ENABLE_STRICT_OBJC_MSGSEND = YES;
				ENABLE_USER_SCRIPT_SANDBOXING = YES;
				GCC_C_LANGUAGE_STANDARD = gnu17;
				GCC_NO_COMMON_BLOCKS = YES;
				GCC_WARN_64_TO_32_BIT_CONVERSION = YES;
				GCC_WARN_ABOUT_RETURN_TYPE = YES_ERROR;
				GCC_WARN_UNDECLARED_SELECTOR = YES;
				GCC_WARN_UNINITIALIZED_AUTOS = YES_AGGRESSIVE;
				GCC_WARN_UNUSED_FUNCTION = YES;
				GCC_WARN_UNUSED_VARIABLE = YES;
				IPHONEOS_DEPLOYMENT_TARGET = 17.2;
				LOCALIZATION_PREFERS_STRING_CATALOGS = YES;
				MTL_ENABLE_DEBUG_INFO = NO;
				MTL_FAST_MATH = YES;
				SDKROOT = iphoneos;
				SWIFT_COMPILATION_MODE = wholemodule;
				VALIDATE_PRODUCT = YES;
			};
			name = Release;
		};
		8E75C2F52CC8904000B03D14 /* Debug */ = {
			isa = XCBuildConfiguration;
			buildSettings = {
				ASSETCATALOG_COMPILER_APPICON_NAME = AppIcon;
				ASSETCATALOG_COMPILER_GLOBAL_ACCENT_COLOR_NAME = AccentColor;
				CODE_SIGN_STYLE = Automatic;
				CURRENT_PROJECT_VERSION = 1;
				DEVELOPMENT_ASSET_PATHS = "\"Pedestal/Preview Content\"";
				DEVELOPMENT_TEAM = 7X5NAV6824;
				ENABLE_PREVIEWS = YES;
				GENERATE_INFOPLIST_FILE = YES;
				INFOPLIST_KEY_UIApplicationSceneManifest_Generation = YES;
				INFOPLIST_KEY_UIApplicationSupportsIndirectInputEvents = YES;
				INFOPLIST_KEY_UILaunchScreen_Generation = YES;
				INFOPLIST_KEY_UISupportedInterfaceOrientations_iPad = "UIInterfaceOrientationPortrait UIInterfaceOrientationPortraitUpsideDown UIInterfaceOrientationLandscapeLeft UIInterfaceOrientationLandscapeRight";
				INFOPLIST_KEY_UISupportedInterfaceOrientations_iPhone = "UIInterfaceOrientationPortrait UIInterfaceOrientationLandscapeLeft UIInterfaceOrientationLandscapeRight";
				LD_RUNPATH_SEARCH_PATHS = (
					"$(inherited)",
					"@executable_path/Frameworks",
				);
				MARKETING_VERSION = 1.0;
				PRODUCT_BUNDLE_IDENTIFIER = com.pedestal.Pedestal;
				PRODUCT_NAME = "$(TARGET_NAME)";
				SWIFT_EMIT_LOC_STRINGS = YES;
				SWIFT_VERSION = 5.0;
				TARGETED_DEVICE_FAMILY = "1,2";
			};
			name = Debug;
		};
		8E75C2F62CC8904000B03D14 /* Release */ = {
			isa = XCBuildConfiguration;
			buildSettings = {
				ASSETCATALOG_COMPILER_APPICON_NAME = AppIcon;
				ASSETCATALOG_COMPILER_GLOBAL_ACCENT_COLOR_NAME = AccentColor;
				CODE_SIGN_STYLE = Automatic;
				CURRENT_PROJECT_VERSION = 1;
				DEVELOPMENT_ASSET_PATHS = "\"Pedestal/Preview Content\"";
				DEVELOPMENT_TEAM = 7X5NAV6824;
				ENABLE_PREVIEWS = YES;
				GENERATE_INFOPLIST_FILE = YES;
				INFOPLIST_KEY_UIApplicationSceneManifest_Generation = YES;
				INFOPLIST_KEY_UIApplicationSupportsIndirectInputEvents = YES;
				INFOPLIST_KEY_UILaunchScreen_Generation = YES;
				INFOPLIST_KEY_UISupportedInterfaceOrientations_iPad = "UIInterfaceOrientationPortrait UIInterfaceOrientationPortraitUpsideDown UIInterfaceOrientationLandscapeLeft UIInterfaceOrientationLandscapeRight";
				INFOPLIST_KEY_UISupportedInterfaceOrientations_iPhone = "UIInterfaceOrientationPortrait UIInterfaceOrientationLandscapeLeft UIInterfaceOrientationLandscapeRight";
				LD_RUNPATH_SEARCH_PATHS = (
					"$(inherited)",
					"@executable_path/Frameworks",
				);
				MARKETING_VERSION = 1.0;
				PRODUCT_BUNDLE_IDENTIFIER = com.pedestal.Pedestal;
				PRODUCT_NAME = "$(TARGET_NAME)";
				SWIFT_EMIT_LOC_STRINGS = YES;
				SWIFT_VERSION = 5.0;
				TARGETED_DEVICE_FAMILY = "1,2";
			};
			name = Release;
		};
/* End XCBuildConfiguration section */

/* Begin XCConfigurationList section */
		8E75C2E12CC8903E00B03D14 /* Build configuration list for PBXProject "Pedestal" */ = {
			isa = XCConfigurationList;
			buildConfigurations = (
				8E75C2F22CC8904000B03D14 /* Debug */,
				8E75C2F32CC8904000B03D14 /* Release */,
			);
			defaultConfigurationIsVisible = 0;
			defaultConfigurationName = Release;
		};
		8E75C2F42CC8904000B03D14 /* Build configuration list for PBXNativeTarget "Pedestal" */ = {
			isa = XCConfigurationList;
			buildConfigurations = (
				8E75C2F52CC8904000B03D14 /* Debug */,
				8E75C2F62CC8904000B03D14 /* Release */,
			);
			defaultConfigurationIsVisible = 0;
			defaultConfigurationName = Release;
		};
/* End XCConfigurationList section */

/* Begin XCRemoteSwiftPackageReference section */
		8EF819F02CC9E79600C60229 /* XCRemoteSwiftPackageReference "swift-markdown-ui" */ = {
			isa = XCRemoteSwiftPackageReference;
			repositoryURL = "https://github.com/gonzalezreal/swift-markdown-ui";
			requirement = {
				kind = upToNextMajorVersion;
				minimumVersion = 2.4.1;
			};
		};
/* End XCRemoteSwiftPackageReference section */

/* Begin XCSwiftPackageProductDependency section */
		8EF819F12CC9E79700C60229 /* MarkdownUI */ = {
			isa = XCSwiftPackageProductDependency;
			package = 8EF819F02CC9E79600C60229 /* XCRemoteSwiftPackageReference "swift-markdown-ui" */;
			productName = MarkdownUI;
		};
/* End XCSwiftPackageProductDependency section */
	};
	rootObject = 8E75C2DE2CC8903E00B03D14 /* Project object */;
}
