// !$*UTF8*$!
{
	archiveVersion = 1;
	classes = {
	};
	objectVersion = 70;
	objects = {

/* Begin PBXBuildFile section */
		8E080BD12CD1A14B004043A5 /* Client.swift in Sources */ = {isa = PBXBuildFile; fileRef = 8E080BD02CD1A13B004043A5 /* Client.swift */; };
		8E0F814A2CD2A910001AA3B2 /* GoogleService-Info.plist in Resources */ = {isa = PBXBuildFile; fileRef = 8E0F81482CD2A910001AA3B2 /* GoogleService-Info.plist */; };
		8E0F814B2CD2A910001AA3B2 /* GoogleService-Info.plist in Resources */ = {isa = PBXBuildFile; fileRef = 8E0F81482CD2A910001AA3B2 /* GoogleService-Info.plist */; };
		8E0F814F2CD2A9CB001AA3B2 /* FirebaseAnalytics in Frameworks */ = {isa = PBXBuildFile; productRef = 8E0F814E2CD2A9CB001AA3B2 /* FirebaseAnalytics */; };
		8E0F81512CD2A9CB001AA3B2 /* FirebaseAuth in Frameworks */ = {isa = PBXBuildFile; productRef = 8E0F81502CD2A9CB001AA3B2 /* FirebaseAuth */; };
		8E0F81532CD2A9CB001AA3B2 /* FirebaseFirestore in Frameworks */ = {isa = PBXBuildFile; productRef = 8E0F81522CD2A9CB001AA3B2 /* FirebaseFirestore */; };
		8E0F81552CD2A9CB001AA3B2 /* FirebaseFunctions in Frameworks */ = {isa = PBXBuildFile; productRef = 8E0F81542CD2A9CB001AA3B2 /* FirebaseFunctions */; };
		8E0F81572CD2A9CB001AA3B2 /* FirebasePerformance in Frameworks */ = {isa = PBXBuildFile; productRef = 8E0F81562CD2A9CB001AA3B2 /* FirebasePerformance */; };
		8E0F81592CD2A9CB001AA3B2 /* FirebaseStorage in Frameworks */ = {isa = PBXBuildFile; productRef = 8E0F81582CD2A9CB001AA3B2 /* FirebaseStorage */; };
		8E0F815C2CD2BBF3001AA3B2 /* LoginView.swift in Sources */ = {isa = PBXBuildFile; fileRef = 8E0F815B2CD2BBEF001AA3B2 /* LoginView.swift */; };
		8E0F815E2CD2E4F6001AA3B2 /* AuthenticationViewModel.swift in Sources */ = {isa = PBXBuildFile; fileRef = 8E0F815D2CD2E4F0001AA3B2 /* AuthenticationViewModel.swift */; };
		8E0F81602CD2E9FC001AA3B2 /* UserProfileView.swift in Sources */ = {isa = PBXBuildFile; fileRef = 8E0F815F2CD2E9F8001AA3B2 /* UserProfileView.swift */; };
		8E0F81622CD2EA17001AA3B2 /* SignupView.swift in Sources */ = {isa = PBXBuildFile; fileRef = 8E0F81612CD2EA10001AA3B2 /* SignupView.swift */; };
		8E0F81642CD2ECA8001AA3B2 /* AuthenticatedView.swift in Sources */ = {isa = PBXBuildFile; fileRef = 8E0F81632CD2ECA2001AA3B2 /* AuthenticatedView.swift */; };
		8E0F81662CD2ECF5001AA3B2 /* AuthenticationView.swift in Sources */ = {isa = PBXBuildFile; fileRef = 8E0F81652CD2ECF0001AA3B2 /* AuthenticationView.swift */; };
		8E15FD632CD448BF00C15DB0 /* AppUser.swift in Sources */ = {isa = PBXBuildFile; fileRef = 8E15FD622CD448A500C15DB0 /* AppUser.swift */; };
		8E43E2832CE2BC9200D47E65 /* PedestalService.swift in Sources */ = {isa = PBXBuildFile; fileRef = 8E43E2822CE2BC8D00D47E65 /* PedestalService.swift */; };
		8E43E2852CE2CAD200D47E65 /* TimelineViewModel.swift in Sources */ = {isa = PBXBuildFile; fileRef = 8E43E2842CE2CACD00D47E65 /* TimelineViewModel.swift */; };
		8E43E2872CE2CF3100D47E65 /* BookmarkViewModel.swift in Sources */ = {isa = PBXBuildFile; fileRef = 8E43E2862CE2CF2800D47E65 /* BookmarkViewModel.swift */; };
		8E43E2892CE2CF4000D47E65 /* QuestionsViewModel.swift in Sources */ = {isa = PBXBuildFile; fileRef = 8E43E2882CE2CF3A00D47E65 /* QuestionsViewModel.swift */; };
		8E43E28B2CE2D30200D47E65 /* TopicViewModel.swift in Sources */ = {isa = PBXBuildFile; fileRef = 8E43E28A2CE2D2FB00D47E65 /* TopicViewModel.swift */; };
		8E46ACA92CD97F690012F973 /* AppViewModel.swift in Sources */ = {isa = PBXBuildFile; fileRef = 8E46ACA82CD97F650012F973 /* AppViewModel.swift */; };
		8E75C2EA2CC8903E00B03D14 /* PedestalApp.swift in Sources */ = {isa = PBXBuildFile; fileRef = 8E75C2E92CC8903E00B03D14 /* PedestalApp.swift */; };
		8E75C2EC2CC8903E00B03D14 /* TopicsView.swift in Sources */ = {isa = PBXBuildFile; fileRef = 8E75C2EB2CC8903E00B03D14 /* TopicsView.swift */; };
		8E75C2EE2CC8904000B03D14 /* Assets.xcassets in Resources */ = {isa = PBXBuildFile; fileRef = 8E75C2ED2CC8904000B03D14 /* Assets.xcassets */; };
		8E75C2F12CC8904000B03D14 /* Preview Assets.xcassets in Resources */ = {isa = PBXBuildFile; fileRef = 8E75C2F02CC8904000B03D14 /* Preview Assets.xcassets */; };
		8E75C2F82CC890D500B03D14 /* TimelineView.swift in Sources */ = {isa = PBXBuildFile; fileRef = 8E75C2F72CC890D500B03D14 /* TimelineView.swift */; };
		8E8E6D0B2CCD8EE4006DDAA0 /* PostViewModel.swift in Sources */ = {isa = PBXBuildFile; fileRef = 8E8E6D0A2CCD8EE4006DDAA0 /* PostViewModel.swift */; };
		8E8E6D0E2CCD9462006DDAA0 /* LocalDecoder.swift in Sources */ = {isa = PBXBuildFile; fileRef = 8E8E6D0D2CCD9462006DDAA0 /* LocalDecoder.swift */; };
		8E993D142CCE9BE50006AF06 /* posts.json in Resources */ = {isa = PBXBuildFile; fileRef = 8E8E6D082CCD8AC5006DDAA0 /* posts.json */; };
		8EF819EF2CC9DCC900C60229 /* PostView.swift in Sources */ = {isa = PBXBuildFile; fileRef = 8EF819EE2CC9DCC900C60229 /* PostView.swift */; };
		8EF819F22CC9E79700C60229 /* MarkdownUI in Frameworks */ = {isa = PBXBuildFile; productRef = 8EF819F12CC9E79700C60229 /* MarkdownUI */; };
		8EF819F72CCAA32D00C60229 /* Posts.swift in Sources */ = {isa = PBXBuildFile; fileRef = 8EF819F62CCAA32D00C60229 /* Posts.swift */; };
		8EF819F92CCAA34200C60229 /* Questions.swift in Sources */ = {isa = PBXBuildFile; fileRef = 8EF819F82CCAA34200C60229 /* Questions.swift */; };
		8EF819FB2CCAD54700C60229 /* Topics.swift in Sources */ = {isa = PBXBuildFile; fileRef = 8EF819FA2CCAD54700C60229 /* Topics.swift */; };
		8EF81A012CCC1D4C00C60229 /* Theme.swift in Sources */ = {isa = PBXBuildFile; fileRef = 8EF81A002CCC1D4C00C60229 /* Theme.swift */; };
		8EF81A052CCC3C0100C60229 /* MainTabView.swift in Sources */ = {isa = PBXBuildFile; fileRef = 8EF81A042CCC3C0100C60229 /* MainTabView.swift */; };
		8EF81A072CCC3F0B00C60229 /* BookmarksView.swift in Sources */ = {isa = PBXBuildFile; fileRef = 8EF81A062CCC3F0B00C60229 /* BookmarksView.swift */; };
		8EF81A092CCC3F1E00C60229 /* QuestionsView.swift in Sources */ = {isa = PBXBuildFile; fileRef = 8EF81A082CCC3F1E00C60229 /* QuestionsView.swift */; };
/* End PBXBuildFile section */

/* Begin PBXContainerItemProxy section */
		8E4A5A052CCDBB7F00941DEA /* PBXContainerItemProxy */ = {
			isa = PBXContainerItemProxy;
			containerPortal = 8E75C2DE2CC8903E00B03D14 /* Project object */;
			proxyType = 1;
			remoteGlobalIDString = 8E75C2E52CC8903E00B03D14;
			remoteInfo = Pedestal;
		};
/* End PBXContainerItemProxy section */

/* Begin PBXFileReference section */
		8E080BD02CD1A13B004043A5 /* Client.swift */ = {isa = PBXFileReference; lastKnownFileType = sourcecode.swift; path = Client.swift; sourceTree = "<group>"; };
		8E0F81482CD2A910001AA3B2 /* GoogleService-Info.plist */ = {isa = PBXFileReference; lastKnownFileType = text.plist.xml; path = "GoogleService-Info.plist"; sourceTree = "<group>"; };
		8E0F815B2CD2BBEF001AA3B2 /* LoginView.swift */ = {isa = PBXFileReference; lastKnownFileType = sourcecode.swift; path = LoginView.swift; sourceTree = "<group>"; };
		8E0F815D2CD2E4F0001AA3B2 /* AuthenticationViewModel.swift */ = {isa = PBXFileReference; lastKnownFileType = sourcecode.swift; path = AuthenticationViewModel.swift; sourceTree = "<group>"; };
		8E0F815F2CD2E9F8001AA3B2 /* UserProfileView.swift */ = {isa = PBXFileReference; lastKnownFileType = sourcecode.swift; path = UserProfileView.swift; sourceTree = "<group>"; };
		8E0F81612CD2EA10001AA3B2 /* SignupView.swift */ = {isa = PBXFileReference; lastKnownFileType = sourcecode.swift; path = SignupView.swift; sourceTree = "<group>"; };
		8E0F81632CD2ECA2001AA3B2 /* AuthenticatedView.swift */ = {isa = PBXFileReference; lastKnownFileType = sourcecode.swift; path = AuthenticatedView.swift; sourceTree = "<group>"; };
		8E0F81652CD2ECF0001AA3B2 /* AuthenticationView.swift */ = {isa = PBXFileReference; lastKnownFileType = sourcecode.swift; path = AuthenticationView.swift; sourceTree = "<group>"; };
		8E15FD622CD448A500C15DB0 /* AppUser.swift */ = {isa = PBXFileReference; lastKnownFileType = sourcecode.swift; path = AppUser.swift; sourceTree = "<group>"; };
		8E43E2822CE2BC8D00D47E65 /* PedestalService.swift */ = {isa = PBXFileReference; lastKnownFileType = sourcecode.swift; path = PedestalService.swift; sourceTree = "<group>"; };
		8E43E2842CE2CACD00D47E65 /* TimelineViewModel.swift */ = {isa = PBXFileReference; lastKnownFileType = sourcecode.swift; path = TimelineViewModel.swift; sourceTree = "<group>"; };
		8E43E2862CE2CF2800D47E65 /* BookmarkViewModel.swift */ = {isa = PBXFileReference; lastKnownFileType = sourcecode.swift; path = BookmarkViewModel.swift; sourceTree = "<group>"; };
		8E43E2882CE2CF3A00D47E65 /* QuestionsViewModel.swift */ = {isa = PBXFileReference; lastKnownFileType = sourcecode.swift; path = QuestionsViewModel.swift; sourceTree = "<group>"; };
		8E43E28A2CE2D2FB00D47E65 /* TopicViewModel.swift */ = {isa = PBXFileReference; lastKnownFileType = sourcecode.swift; path = TopicViewModel.swift; sourceTree = "<group>"; };
		8E46ACA82CD97F650012F973 /* AppViewModel.swift */ = {isa = PBXFileReference; lastKnownFileType = sourcecode.swift; path = AppViewModel.swift; sourceTree = "<group>"; };
		8E4A5A012CCDBB7F00941DEA /* Test.xctest */ = {isa = PBXFileReference; explicitFileType = wrapper.cfbundle; includeInIndex = 0; path = Test.xctest; sourceTree = BUILT_PRODUCTS_DIR; };
		8E75C2E62CC8903E00B03D14 /* Pedestal.app */ = {isa = PBXFileReference; explicitFileType = wrapper.application; includeInIndex = 0; path = Pedestal.app; sourceTree = BUILT_PRODUCTS_DIR; };
		8E75C2E92CC8903E00B03D14 /* PedestalApp.swift */ = {isa = PBXFileReference; lastKnownFileType = sourcecode.swift; path = PedestalApp.swift; sourceTree = "<group>"; };
		8E75C2EB2CC8903E00B03D14 /* TopicsView.swift */ = {isa = PBXFileReference; lastKnownFileType = sourcecode.swift; path = TopicsView.swift; sourceTree = "<group>"; };
		8E75C2ED2CC8904000B03D14 /* Assets.xcassets */ = {isa = PBXFileReference; lastKnownFileType = folder.assetcatalog; path = Assets.xcassets; sourceTree = "<group>"; };
		8E75C2F02CC8904000B03D14 /* Preview Assets.xcassets */ = {isa = PBXFileReference; lastKnownFileType = folder.assetcatalog; path = "Preview Assets.xcassets"; sourceTree = "<group>"; };
		8E75C2F72CC890D500B03D14 /* TimelineView.swift */ = {isa = PBXFileReference; lastKnownFileType = sourcecode.swift; path = TimelineView.swift; sourceTree = "<group>"; };
		8E8E6D082CCD8AC5006DDAA0 /* posts.json */ = {isa = PBXFileReference; lastKnownFileType = text.json; path = posts.json; sourceTree = "<group>"; };
		8E8E6D0A2CCD8EE4006DDAA0 /* PostViewModel.swift */ = {isa = PBXFileReference; lastKnownFileType = sourcecode.swift; path = PostViewModel.swift; sourceTree = "<group>"; };
		8E8E6D0D2CCD9462006DDAA0 /* LocalDecoder.swift */ = {isa = PBXFileReference; lastKnownFileType = sourcecode.swift; path = LocalDecoder.swift; sourceTree = "<group>"; };
		8EF819EE2CC9DCC900C60229 /* PostView.swift */ = {isa = PBXFileReference; lastKnownFileType = sourcecode.swift; path = PostView.swift; sourceTree = "<group>"; };
		8EF819F62CCAA32D00C60229 /* Posts.swift */ = {isa = PBXFileReference; lastKnownFileType = sourcecode.swift; path = Posts.swift; sourceTree = "<group>"; };
		8EF819F82CCAA34200C60229 /* Questions.swift */ = {isa = PBXFileReference; lastKnownFileType = sourcecode.swift; path = Questions.swift; sourceTree = "<group>"; };
		8EF819FA2CCAD54700C60229 /* Topics.swift */ = {isa = PBXFileReference; lastKnownFileType = sourcecode.swift; path = Topics.swift; sourceTree = "<group>"; };
		8EF81A002CCC1D4C00C60229 /* Theme.swift */ = {isa = PBXFileReference; lastKnownFileType = sourcecode.swift; path = Theme.swift; sourceTree = "<group>"; };
		8EF81A042CCC3C0100C60229 /* MainTabView.swift */ = {isa = PBXFileReference; lastKnownFileType = sourcecode.swift; path = MainTabView.swift; sourceTree = "<group>"; };
		8EF81A062CCC3F0B00C60229 /* BookmarksView.swift */ = {isa = PBXFileReference; lastKnownFileType = sourcecode.swift; path = BookmarksView.swift; sourceTree = "<group>"; };
		8EF81A082CCC3F1E00C60229 /* QuestionsView.swift */ = {isa = PBXFileReference; lastKnownFileType = sourcecode.swift; path = QuestionsView.swift; sourceTree = "<group>"; };
/* End PBXFileReference section */

/* Begin PBXFileSystemSynchronizedRootGroup section */
		8E4A5A022CCDBB7F00941DEA /* Test */ = {isa = PBXFileSystemSynchronizedRootGroup; explicitFileTypes = {}; explicitFolders = (); path = Test; sourceTree = "<group>"; };
/* End PBXFileSystemSynchronizedRootGroup section */

/* Begin PBXFrameworksBuildPhase section */
		8E4A59FE2CCDBB7F00941DEA /* Frameworks */ = {
			isa = PBXFrameworksBuildPhase;
			buildActionMask = 2147483647;
			files = (
			);
			runOnlyForDeploymentPostprocessing = 0;
		};
		8E75C2E32CC8903E00B03D14 /* Frameworks */ = {
			isa = PBXFrameworksBuildPhase;
			buildActionMask = 2147483647;
			files = (
				8E0F814F2CD2A9CB001AA3B2 /* FirebaseAnalytics in Frameworks */,
				8E0F81532CD2A9CB001AA3B2 /* FirebaseFirestore in Frameworks */,
				8E0F81572CD2A9CB001AA3B2 /* FirebasePerformance in Frameworks */,
				8E0F81552CD2A9CB001AA3B2 /* FirebaseFunctions in Frameworks */,
				8E0F81592CD2A9CB001AA3B2 /* FirebaseStorage in Frameworks */,
				8E0F81512CD2A9CB001AA3B2 /* FirebaseAuth in Frameworks */,
				8EF819F22CC9E79700C60229 /* MarkdownUI in Frameworks */,
			);
			runOnlyForDeploymentPostprocessing = 0;
		};
/* End PBXFrameworksBuildPhase section */

/* Begin PBXGroup section */
		8E080BCF2CD1A12E004043A5 /* Client */ = {
			isa = PBXGroup;
			children = (
				8E080BD02CD1A13B004043A5 /* Client.swift */,
			);
			path = Client;
			sourceTree = "<group>";
		};
		8E0F815A2CD2B6C5001AA3B2 /* Auth */ = {
			isa = PBXGroup;
			children = (
				8E0F81652CD2ECF0001AA3B2 /* AuthenticationView.swift */,
				8E0F81632CD2ECA2001AA3B2 /* AuthenticatedView.swift */,
				8E0F81612CD2EA10001AA3B2 /* SignupView.swift */,
				8E0F815F2CD2E9F8001AA3B2 /* UserProfileView.swift */,
				8E0F815B2CD2BBEF001AA3B2 /* LoginView.swift */,
				8E0F815D2CD2E4F0001AA3B2 /* AuthenticationViewModel.swift */,
			);
			path = Auth;
			sourceTree = "<group>";
		};
		8E43E2812CE2BC7500D47E65 /* Service */ = {
			isa = PBXGroup;
			children = (
				8E43E2822CE2BC8D00D47E65 /* PedestalService.swift */,
			);
			path = Service;
			sourceTree = "<group>";
		};
		8E75C2DD2CC8903E00B03D14 = {
			isa = PBXGroup;
			children = (
				8E80866B2CCDBBFB001C8B5D /* PedestalTests */,
				8E75C2E82CC8903E00B03D14 /* Pedestal */,
				8E4A5A022CCDBB7F00941DEA /* Test */,
				8E75C2E72CC8903E00B03D14 /* Products */,
			);
			sourceTree = "<group>";
		};
		8E75C2E72CC8903E00B03D14 /* Products */ = {
			isa = PBXGroup;
			children = (
				8E75C2E62CC8903E00B03D14 /* Pedestal.app */,
				8E4A5A012CCDBB7F00941DEA /* Test.xctest */,
			);
			name = Products;
			sourceTree = "<group>";
		};
		8E75C2E82CC8903E00B03D14 /* Pedestal */ = {
			isa = PBXGroup;
			children = (
				8E43E2812CE2BC7500D47E65 /* Service */,
				8E0F815A2CD2B6C5001AA3B2 /* Auth */,
				8E080BCF2CD1A12E004043A5 /* Client */,
				8ECD9FFA2CCDBAFB00D8CB18 /* View */,
				8E8E6D0C2CCD9445006DDAA0 /* Util */,
				8E8E6D092CCD8E60006DDAA0 /* ViewModel */,
				8E8E6D072CCD89EA006DDAA0 /* Resource */,
				8EF819F52CCAA30700C60229 /* Model */,
				8E75C2E92CC8903E00B03D14 /* PedestalApp.swift */,
				8E75C2ED2CC8904000B03D14 /* Assets.xcassets */,
				8E0F81482CD2A910001AA3B2 /* GoogleService-Info.plist */,
				8E75C2EF2CC8904000B03D14 /* Preview Content */,
			);
			path = Pedestal;
			sourceTree = "<group>";
		};
		8E75C2EF2CC8904000B03D14 /* Preview Content */ = {
			isa = PBXGroup;
			children = (
				8E75C2F02CC8904000B03D14 /* Preview Assets.xcassets */,
			);
			path = "Preview Content";
			sourceTree = "<group>";
		};
		8E80866B2CCDBBFB001C8B5D /* PedestalTests */ = {
			isa = PBXGroup;
			children = (
			);
			path = PedestalTests;
			sourceTree = "<group>";
		};
		8E8E6D072CCD89EA006DDAA0 /* Resource */ = {
			isa = PBXGroup;
			children = (
				8E8E6D082CCD8AC5006DDAA0 /* posts.json */,
			);
			path = Resource;
			sourceTree = "<group>";
		};
		8E8E6D092CCD8E60006DDAA0 /* ViewModel */ = {
			isa = PBXGroup;
			children = (
				8E43E28A2CE2D2FB00D47E65 /* TopicViewModel.swift */,
				8E43E2882CE2CF3A00D47E65 /* QuestionsViewModel.swift */,
				8E43E2862CE2CF2800D47E65 /* BookmarkViewModel.swift */,
				8E43E2842CE2CACD00D47E65 /* TimelineViewModel.swift */,
				8E46ACA82CD97F650012F973 /* AppViewModel.swift */,
				8E8E6D0A2CCD8EE4006DDAA0 /* PostViewModel.swift */,
			);
			path = ViewModel;
			sourceTree = "<group>";
		};
		8E8E6D0C2CCD9445006DDAA0 /* Util */ = {
			isa = PBXGroup;
			children = (
				8E8E6D0D2CCD9462006DDAA0 /* LocalDecoder.swift */,
			);
			path = Util;
			sourceTree = "<group>";
		};
		8ECD9FFA2CCDBAFB00D8CB18 /* View */ = {
			isa = PBXGroup;
			children = (
				8E75C2F72CC890D500B03D14 /* TimelineView.swift */,
				8E75C2EB2CC8903E00B03D14 /* TopicsView.swift */,
				8EF819EE2CC9DCC900C60229 /* PostView.swift */,
				8EF81A062CCC3F0B00C60229 /* BookmarksView.swift */,
				8EF81A042CCC3C0100C60229 /* MainTabView.swift */,
				8EF81A082CCC3F1E00C60229 /* QuestionsView.swift */,
			);
			path = View;
			sourceTree = "<group>";
		};
		8EF819F52CCAA30700C60229 /* Model */ = {
			isa = PBXGroup;
			children = (
				8E15FD622CD448A500C15DB0 /* AppUser.swift */,
				8EF819F62CCAA32D00C60229 /* Posts.swift */,
				8EF819F82CCAA34200C60229 /* Questions.swift */,
				8EF819FA2CCAD54700C60229 /* Topics.swift */,
				8EF81A002CCC1D4C00C60229 /* Theme.swift */,
			);
			path = Model;
			sourceTree = "<group>";
		};
/* End PBXGroup section */

/* Begin PBXNativeTarget section */
		8E4A5A002CCDBB7F00941DEA /* Test */ = {
			isa = PBXNativeTarget;
			buildConfigurationList = 8E4A5A072CCDBB7F00941DEA /* Build configuration list for PBXNativeTarget "Test" */;
			buildPhases = (
				8E4A59FD2CCDBB7F00941DEA /* Sources */,
				8E4A59FE2CCDBB7F00941DEA /* Frameworks */,
				8E4A59FF2CCDBB7F00941DEA /* Resources */,
			);
			buildRules = (
			);
			dependencies = (
				8E4A5A062CCDBB7F00941DEA /* PBXTargetDependency */,
			);
			fileSystemSynchronizedGroups = (
				8E4A5A022CCDBB7F00941DEA /* Test */,
			);
			name = Test;
			packageProductDependencies = (
			);
			productName = Test;
			productReference = 8E4A5A012CCDBB7F00941DEA /* Test.xctest */;
			productType = "com.apple.product-type.bundle.unit-test";
		};
		8E75C2E52CC8903E00B03D14 /* Pedestal */ = {
			isa = PBXNativeTarget;
			buildConfigurationList = 8E75C2F42CC8904000B03D14 /* Build configuration list for PBXNativeTarget "Pedestal" */;
			buildPhases = (
				8E75C2E22CC8903E00B03D14 /* Sources */,
				8E75C2E32CC8903E00B03D14 /* Frameworks */,
				8E75C2E42CC8903E00B03D14 /* Resources */,
			);
			buildRules = (
			);
			dependencies = (
			);
			name = Pedestal;
			packageProductDependencies = (
				8EF819F12CC9E79700C60229 /* MarkdownUI */,
				8E0F814E2CD2A9CB001AA3B2 /* FirebaseAnalytics */,
				8E0F81502CD2A9CB001AA3B2 /* FirebaseAuth */,
				8E0F81522CD2A9CB001AA3B2 /* FirebaseFirestore */,
				8E0F81542CD2A9CB001AA3B2 /* FirebaseFunctions */,
				8E0F81562CD2A9CB001AA3B2 /* FirebasePerformance */,
				8E0F81582CD2A9CB001AA3B2 /* FirebaseStorage */,
			);
			productName = Pedestal;
			productReference = 8E75C2E62CC8903E00B03D14 /* Pedestal.app */;
			productType = "com.apple.product-type.application";
		};
/* End PBXNativeTarget section */

/* Begin PBXProject section */
		8E75C2DE2CC8903E00B03D14 /* Project object */ = {
			isa = PBXProject;
			attributes = {
				BuildIndependentTargetsInParallel = 1;
				LastSwiftUpdateCheck = 1600;
				LastUpgradeCheck = 1520;
				TargetAttributes = {
					8E4A5A002CCDBB7F00941DEA = {
						CreatedOnToolsVersion = 16.0;
						TestTargetID = 8E75C2E52CC8903E00B03D14;
					};
					8E75C2E52CC8903E00B03D14 = {
						CreatedOnToolsVersion = 15.2;
					};
				};
			};
			buildConfigurationList = 8E75C2E12CC8903E00B03D14 /* Build configuration list for PBXProject "Pedestal" */;
			compatibilityVersion = "Xcode 14.0";
			developmentRegion = en;
			hasScannedForEncodings = 0;
			knownRegions = (
				en,
				Base,
			);
			mainGroup = 8E75C2DD2CC8903E00B03D14;
			packageReferences = (
				8EF819F02CC9E79600C60229 /* XCRemoteSwiftPackageReference "swift-markdown-ui" */,
				8E0F814D2CD2A9CB001AA3B2 /* XCRemoteSwiftPackageReference "firebase-ios-sdk" */,
			);
			productRefGroup = 8E75C2E72CC8903E00B03D14 /* Products */;
			projectDirPath = "";
			projectRoot = "";
			targets = (
				8E75C2E52CC8903E00B03D14 /* Pedestal */,
				8E4A5A002CCDBB7F00941DEA /* Test */,
			);
		};
/* End PBXProject section */

/* Begin PBXResourcesBuildPhase section */
		8E4A59FF2CCDBB7F00941DEA /* Resources */ = {
			isa = PBXResourcesBuildPhase;
			buildActionMask = 2147483647;
			files = (
				8E0F814B2CD2A910001AA3B2 /* GoogleService-Info.plist in Resources */,
			);
			runOnlyForDeploymentPostprocessing = 0;
		};
		8E75C2E42CC8903E00B03D14 /* Resources */ = {
			isa = PBXResourcesBuildPhase;
			buildActionMask = 2147483647;
			files = (
				8E993D142CCE9BE50006AF06 /* posts.json in Resources */,
				8E0F814A2CD2A910001AA3B2 /* GoogleService-Info.plist in Resources */,
				8E75C2F12CC8904000B03D14 /* Preview Assets.xcassets in Resources */,
				8E75C2EE2CC8904000B03D14 /* Assets.xcassets in Resources */,
			);
			runOnlyForDeploymentPostprocessing = 0;
		};
/* End PBXResourcesBuildPhase section */

/* Begin PBXSourcesBuildPhase section */
		8E4A59FD2CCDBB7F00941DEA /* Sources */ = {
			isa = PBXSourcesBuildPhase;
			buildActionMask = 2147483647;
			files = (
			);
			runOnlyForDeploymentPostprocessing = 0;
		};
		8E75C2E22CC8903E00B03D14 /* Sources */ = {
			isa = PBXSourcesBuildPhase;
			buildActionMask = 2147483647;
			files = (
				8E0F81622CD2EA17001AA3B2 /* SignupView.swift in Sources */,
				8E43E2872CE2CF3100D47E65 /* BookmarkViewModel.swift in Sources */,
				8E46ACA92CD97F690012F973 /* AppViewModel.swift in Sources */,
				8E0F81642CD2ECA8001AA3B2 /* AuthenticatedView.swift in Sources */,
				8E8E6D0B2CCD8EE4006DDAA0 /* PostViewModel.swift in Sources */,
				8EF81A012CCC1D4C00C60229 /* Theme.swift in Sources */,
				8E75C2EC2CC8903E00B03D14 /* TopicsView.swift in Sources */,
				8E0F815C2CD2BBF3001AA3B2 /* LoginView.swift in Sources */,
				8EF819FB2CCAD54700C60229 /* Topics.swift in Sources */,
				8E15FD632CD448BF00C15DB0 /* AppUser.swift in Sources */,
				8EF819F72CCAA32D00C60229 /* Posts.swift in Sources */,
				8E8E6D0E2CCD9462006DDAA0 /* LocalDecoder.swift in Sources */,
				8E43E2892CE2CF4000D47E65 /* QuestionsViewModel.swift in Sources */,
				8EF81A092CCC3F1E00C60229 /* QuestionsView.swift in Sources */,
				8E75C2F82CC890D500B03D14 /* TimelineView.swift in Sources */,
				8E43E2852CE2CAD200D47E65 /* TimelineViewModel.swift in Sources */,
				8E0F81602CD2E9FC001AA3B2 /* UserProfileView.swift in Sources */,
				8E080BD12CD1A14B004043A5 /* Client.swift in Sources */,
				8EF819F92CCAA34200C60229 /* Questions.swift in Sources */,
				8E43E28B2CE2D30200D47E65 /* TopicViewModel.swift in Sources */,
				8E0F81662CD2ECF5001AA3B2 /* AuthenticationView.swift in Sources */,
				8E43E2832CE2BC9200D47E65 /* PedestalService.swift in Sources */,
				8EF819EF2CC9DCC900C60229 /* PostView.swift in Sources */,
				8E0F815E2CD2E4F6001AA3B2 /* AuthenticationViewModel.swift in Sources */,
				8E75C2EA2CC8903E00B03D14 /* PedestalApp.swift in Sources */,
				8EF81A072CCC3F0B00C60229 /* BookmarksView.swift in Sources */,
				8EF81A052CCC3C0100C60229 /* MainTabView.swift in Sources */,
			);
			runOnlyForDeploymentPostprocessing = 0;
		};
/* End PBXSourcesBuildPhase section */

/* Begin PBXTargetDependency section */
		8E4A5A062CCDBB7F00941DEA /* PBXTargetDependency */ = {
			isa = PBXTargetDependency;
			target = 8E75C2E52CC8903E00B03D14 /* Pedestal */;
			targetProxy = 8E4A5A052CCDBB7F00941DEA /* PBXContainerItemProxy */;
		};
/* End PBXTargetDependency section */

/* Begin XCBuildConfiguration section */
		8E4A5A082CCDBB7F00941DEA /* Debug */ = {
			isa = XCBuildConfiguration;
			buildSettings = {
				BUNDLE_LOADER = "$(TEST_HOST)";
				CODE_SIGN_STYLE = Automatic;
				CURRENT_PROJECT_VERSION = 1;
				DEVELOPMENT_TEAM = 7X5NAV6824;
				GENERATE_INFOPLIST_FILE = YES;
				IPHONEOS_DEPLOYMENT_TARGET = 18.0;
				MARKETING_VERSION = 1.0;
				PRODUCT_BUNDLE_IDENTIFIER = com.pedestal.Test;
				PRODUCT_NAME = "$(TARGET_NAME)";
				SWIFT_EMIT_LOC_STRINGS = NO;
				SWIFT_VERSION = 5.0;
				TARGETED_DEVICE_FAMILY = "1,2";
				TEST_HOST = "$(BUILT_PRODUCTS_DIR)/Pedestal.app/$(BUNDLE_EXECUTABLE_FOLDER_PATH)/Pedestal";
			};
			name = Debug;
		};
		8E4A5A092CCDBB7F00941DEA /* Release */ = {
			isa = XCBuildConfiguration;
			buildSettings = {
				BUNDLE_LOADER = "$(TEST_HOST)";
				CODE_SIGN_STYLE = Automatic;
				CURRENT_PROJECT_VERSION = 1;
				DEVELOPMENT_TEAM = 7X5NAV6824;
				GENERATE_INFOPLIST_FILE = YES;
				IPHONEOS_DEPLOYMENT_TARGET = 18.0;
				MARKETING_VERSION = 1.0;
				PRODUCT_BUNDLE_IDENTIFIER = com.pedestal.Test;
				PRODUCT_NAME = "$(TARGET_NAME)";
				SWIFT_EMIT_LOC_STRINGS = NO;
				SWIFT_VERSION = 5.0;
				TARGETED_DEVICE_FAMILY = "1,2";
				TEST_HOST = "$(BUILT_PRODUCTS_DIR)/Pedestal.app/$(BUNDLE_EXECUTABLE_FOLDER_PATH)/Pedestal";
			};
			name = Release;
		};
		8E75C2F22CC8904000B03D14 /* Debug */ = {
			isa = XCBuildConfiguration;
			buildSettings = {
				ALWAYS_SEARCH_USER_PATHS = NO;
				ASSETCATALOG_COMPILER_GENERATE_SWIFT_ASSET_SYMBOL_EXTENSIONS = YES;
				CLANG_ANALYZER_NONNULL = YES;
				CLANG_ANALYZER_NUMBER_OBJECT_CONVERSION = YES_AGGRESSIVE;
				CLANG_CXX_LANGUAGE_STANDARD = "gnu++20";
				CLANG_ENABLE_MODULES = YES;
				CLANG_ENABLE_OBJC_ARC = YES;
				CLANG_ENABLE_OBJC_WEAK = YES;
				CLANG_WARN_BLOCK_CAPTURE_AUTORELEASING = YES;
				CLANG_WARN_BOOL_CONVERSION = YES;
				CLANG_WARN_COMMA = YES;
				CLANG_WARN_CONSTANT_CONVERSION = YES;
				CLANG_WARN_DEPRECATED_OBJC_IMPLEMENTATIONS = YES;
				CLANG_WARN_DIRECT_OBJC_ISA_USAGE = YES_ERROR;
				CLANG_WARN_DOCUMENTATION_COMMENTS = YES;
				CLANG_WARN_EMPTY_BODY = YES;
				CLANG_WARN_ENUM_CONVERSION = YES;
				CLANG_WARN_INFINITE_RECURSION = YES;
				CLANG_WARN_INT_CONVERSION = YES;
				CLANG_WARN_NON_LITERAL_NULL_CONVERSION = YES;
				CLANG_WARN_OBJC_IMPLICIT_RETAIN_SELF = YES;
				CLANG_WARN_OBJC_LITERAL_CONVERSION = YES;
				CLANG_WARN_OBJC_ROOT_CLASS = YES_ERROR;
				CLANG_WARN_QUOTED_INCLUDE_IN_FRAMEWORK_HEADER = YES;
				CLANG_WARN_RANGE_LOOP_ANALYSIS = YES;
				CLANG_WARN_STRICT_PROTOTYPES = YES;
				CLANG_WARN_SUSPICIOUS_MOVE = YES;
				CLANG_WARN_UNGUARDED_AVAILABILITY = YES_AGGRESSIVE;
				CLANG_WARN_UNREACHABLE_CODE = YES;
				CLANG_WARN__DUPLICATE_METHOD_MATCH = YES;
				COPY_PHASE_STRIP = NO;
				DEBUG_INFORMATION_FORMAT = dwarf;
				ENABLE_STRICT_OBJC_MSGSEND = YES;
				ENABLE_TESTABILITY = YES;
				ENABLE_USER_SCRIPT_SANDBOXING = YES;
				GCC_C_LANGUAGE_STANDARD = gnu17;
				GCC_DYNAMIC_NO_PIC = NO;
				GCC_NO_COMMON_BLOCKS = YES;
				GCC_OPTIMIZATION_LEVEL = 0;
				GCC_PREPROCESSOR_DEFINITIONS = (
					"DEBUG=1",
					"$(inherited)",
				);
				GCC_WARN_64_TO_32_BIT_CONVERSION = YES;
				GCC_WARN_ABOUT_RETURN_TYPE = YES_ERROR;
				GCC_WARN_UNDECLARED_SELECTOR = YES;
				GCC_WARN_UNINITIALIZED_AUTOS = YES_AGGRESSIVE;
				GCC_WARN_UNUSED_FUNCTION = YES;
				GCC_WARN_UNUSED_VARIABLE = YES;
				IPHONEOS_DEPLOYMENT_TARGET = 17.2;
				LOCALIZATION_PREFERS_STRING_CATALOGS = YES;
				MTL_ENABLE_DEBUG_INFO = INCLUDE_SOURCE;
				MTL_FAST_MATH = YES;
				ONLY_ACTIVE_ARCH = YES;
				SDKROOT = iphoneos;
				SWIFT_ACTIVE_COMPILATION_CONDITIONS = "DEBUG $(inherited)";
				SWIFT_OPTIMIZATION_LEVEL = "-Onone";
			};
			name = Debug;
		};
		8E75C2F32CC8904000B03D14 /* Release */ = {
			isa = XCBuildConfiguration;
			buildSettings = {
				ALWAYS_SEARCH_USER_PATHS = NO;
				ASSETCATALOG_COMPILER_GENERATE_SWIFT_ASSET_SYMBOL_EXTENSIONS = YES;
				CLANG_ANALYZER_NONNULL = YES;
				CLANG_ANALYZER_NUMBER_OBJECT_CONVERSION = YES_AGGRESSIVE;
				CLANG_CXX_LANGUAGE_STANDARD = "gnu++20";
				CLANG_ENABLE_MODULES = YES;
				CLANG_ENABLE_OBJC_ARC = YES;
				CLANG_ENABLE_OBJC_WEAK = YES;
				CLANG_WARN_BLOCK_CAPTURE_AUTORELEASING = YES;
				CLANG_WARN_BOOL_CONVERSION = YES;
				CLANG_WARN_COMMA = YES;
				CLANG_WARN_CONSTANT_CONVERSION = YES;
				CLANG_WARN_DEPRECATED_OBJC_IMPLEMENTATIONS = YES;
				CLANG_WARN_DIRECT_OBJC_ISA_USAGE = YES_ERROR;
				CLANG_WARN_DOCUMENTATION_COMMENTS = YES;
				CLANG_WARN_EMPTY_BODY = YES;
				CLANG_WARN_ENUM_CONVERSION = YES;
				CLANG_WARN_INFINITE_RECURSION = YES;
				CLANG_WARN_INT_CONVERSION = YES;
				CLANG_WARN_NON_LITERAL_NULL_CONVERSION = YES;
				CLANG_WARN_OBJC_IMPLICIT_RETAIN_SELF = YES;
				CLANG_WARN_OBJC_LITERAL_CONVERSION = YES;
				CLANG_WARN_OBJC_ROOT_CLASS = YES_ERROR;
				CLANG_WARN_QUOTED_INCLUDE_IN_FRAMEWORK_HEADER = YES;
				CLANG_WARN_RANGE_LOOP_ANALYSIS = YES;
				CLANG_WARN_STRICT_PROTOTYPES = YES;
				CLANG_WARN_SUSPICIOUS_MOVE = YES;
				CLANG_WARN_UNGUARDED_AVAILABILITY = YES_AGGRESSIVE;
				CLANG_WARN_UNREACHABLE_CODE = YES;
				CLANG_WARN__DUPLICATE_METHOD_MATCH = YES;
				COPY_PHASE_STRIP = NO;
				DEBUG_INFORMATION_FORMAT = "dwarf-with-dsym";
				ENABLE_NS_ASSERTIONS = NO;
				ENABLE_STRICT_OBJC_MSGSEND = YES;
				ENABLE_USER_SCRIPT_SANDBOXING = YES;
				GCC_C_LANGUAGE_STANDARD = gnu17;
				GCC_NO_COMMON_BLOCKS = YES;
				GCC_WARN_64_TO_32_BIT_CONVERSION = YES;
				GCC_WARN_ABOUT_RETURN_TYPE = YES_ERROR;
				GCC_WARN_UNDECLARED_SELECTOR = YES;
				GCC_WARN_UNINITIALIZED_AUTOS = YES_AGGRESSIVE;
				GCC_WARN_UNUSED_FUNCTION = YES;
				GCC_WARN_UNUSED_VARIABLE = YES;
				IPHONEOS_DEPLOYMENT_TARGET = 17.2;
				LOCALIZATION_PREFERS_STRING_CATALOGS = YES;
				MTL_ENABLE_DEBUG_INFO = NO;
				MTL_FAST_MATH = YES;
				SDKROOT = iphoneos;
				SWIFT_COMPILATION_MODE = wholemodule;
				VALIDATE_PRODUCT = YES;
			};
			name = Release;
		};
		8E75C2F52CC8904000B03D14 /* Debug */ = {
			isa = XCBuildConfiguration;
			buildSettings = {
				ASSETCATALOG_COMPILER_APPICON_NAME = AppIcon;
				ASSETCATALOG_COMPILER_GLOBAL_ACCENT_COLOR_NAME = AccentColor;
				CODE_SIGN_STYLE = Automatic;
				CURRENT_PROJECT_VERSION = 1;
				DEVELOPMENT_ASSET_PATHS = "\"Pedestal/Preview Content\"";
				DEVELOPMENT_TEAM = 7X5NAV6824;
				ENABLE_PREVIEWS = YES;
				GENERATE_INFOPLIST_FILE = YES;
				INFOPLIST_KEY_UIApplicationSceneManifest_Generation = YES;
				INFOPLIST_KEY_UIApplicationSupportsIndirectInputEvents = YES;
				INFOPLIST_KEY_UILaunchScreen_Generation = YES;
				INFOPLIST_KEY_UISupportedInterfaceOrientations_iPad = "UIInterfaceOrientationPortrait UIInterfaceOrientationPortraitUpsideDown UIInterfaceOrientationLandscapeLeft UIInterfaceOrientationLandscapeRight";
				INFOPLIST_KEY_UISupportedInterfaceOrientations_iPhone = "UIInterfaceOrientationPortrait UIInterfaceOrientationLandscapeLeft UIInterfaceOrientationLandscapeRight";
				LD_RUNPATH_SEARCH_PATHS = (
					"$(inherited)",
					"@executable_path/Frameworks",
				);
				MARKETING_VERSION = 1.0;
				PRODUCT_BUNDLE_IDENTIFIER = com.pedestal.Pedestal;
				PRODUCT_NAME = "$(TARGET_NAME)";
				SUPPORTED_PLATFORMS = "iphoneos iphonesimulator";
				SUPPORTS_MACCATALYST = NO;
				SUPPORTS_MAC_DESIGNED_FOR_IPHONE_IPAD = NO;
				SUPPORTS_XR_DESIGNED_FOR_IPHONE_IPAD = NO;
				SWIFT_EMIT_LOC_STRINGS = YES;
				SWIFT_VERSION = 5.0;
				TARGETED_DEVICE_FAMILY = "1,2";
			};
			name = Debug;
		};
		8E75C2F62CC8904000B03D14 /* Release */ = {
			isa = XCBuildConfiguration;
			buildSettings = {
				ASSETCATALOG_COMPILER_APPICON_NAME = AppIcon;
				ASSETCATALOG_COMPILER_GLOBAL_ACCENT_COLOR_NAME = AccentColor;
				CODE_SIGN_STYLE = Automatic;
				CURRENT_PROJECT_VERSION = 1;
				DEVELOPMENT_ASSET_PATHS = "\"Pedestal/Preview Content\"";
				DEVELOPMENT_TEAM = 7X5NAV6824;
				ENABLE_PREVIEWS = YES;
				GENERATE_INFOPLIST_FILE = YES;
				INFOPLIST_KEY_UIApplicationSceneManifest_Generation = YES;
				INFOPLIST_KEY_UIApplicationSupportsIndirectInputEvents = YES;
				INFOPLIST_KEY_UILaunchScreen_Generation = YES;
				INFOPLIST_KEY_UISupportedInterfaceOrientations_iPad = "UIInterfaceOrientationPortrait UIInterfaceOrientationPortraitUpsideDown UIInterfaceOrientationLandscapeLeft UIInterfaceOrientationLandscapeRight";
				INFOPLIST_KEY_UISupportedInterfaceOrientations_iPhone = "UIInterfaceOrientationPortrait UIInterfaceOrientationLandscapeLeft UIInterfaceOrientationLandscapeRight";
				LD_RUNPATH_SEARCH_PATHS = (
					"$(inherited)",
					"@executable_path/Frameworks",
				);
				MARKETING_VERSION = 1.0;
				PRODUCT_BUNDLE_IDENTIFIER = com.pedestal.Pedestal;
				PRODUCT_NAME = "$(TARGET_NAME)";
				SUPPORTED_PLATFORMS = "iphoneos iphonesimulator";
				SUPPORTS_MACCATALYST = NO;
				SUPPORTS_MAC_DESIGNED_FOR_IPHONE_IPAD = NO;
				SUPPORTS_XR_DESIGNED_FOR_IPHONE_IPAD = NO;
				SWIFT_EMIT_LOC_STRINGS = YES;
				SWIFT_VERSION = 5.0;
				TARGETED_DEVICE_FAMILY = "1,2";
			};
			name = Release;
		};
/* End XCBuildConfiguration section */

/* Begin XCConfigurationList section */
		8E4A5A072CCDBB7F00941DEA /* Build configuration list for PBXNativeTarget "Test" */ = {
			isa = XCConfigurationList;
			buildConfigurations = (
				8E4A5A082CCDBB7F00941DEA /* Debug */,
				8E4A5A092CCDBB7F00941DEA /* Release */,
			);
			defaultConfigurationIsVisible = 0;
			defaultConfigurationName = Release;
		};
		8E75C2E12CC8903E00B03D14 /* Build configuration list for PBXProject "Pedestal" */ = {
			isa = XCConfigurationList;
			buildConfigurations = (
				8E75C2F22CC8904000B03D14 /* Debug */,
				8E75C2F32CC8904000B03D14 /* Release */,
			);
			defaultConfigurationIsVisible = 0;
			defaultConfigurationName = Release;
		};
		8E75C2F42CC8904000B03D14 /* Build configuration list for PBXNativeTarget "Pedestal" */ = {
			isa = XCConfigurationList;
			buildConfigurations = (
				8E75C2F52CC8904000B03D14 /* Debug */,
				8E75C2F62CC8904000B03D14 /* Release */,
			);
			defaultConfigurationIsVisible = 0;
			defaultConfigurationName = Release;
		};
/* End XCConfigurationList section */

/* Begin XCRemoteSwiftPackageReference section */
		8E0F814D2CD2A9CB001AA3B2 /* XCRemoteSwiftPackageReference "firebase-ios-sdk" */ = {
			isa = XCRemoteSwiftPackageReference;
			repositoryURL = "https://github.com/firebase/firebase-ios-sdk";
			requirement = {
				kind = upToNextMajorVersion;
				minimumVersion = 11.4.0;
			};
		};
		8EF819F02CC9E79600C60229 /* XCRemoteSwiftPackageReference "swift-markdown-ui" */ = {
			isa = XCRemoteSwiftPackageReference;
			repositoryURL = "https://github.com/gonzalezreal/swift-markdown-ui";
			requirement = {
				kind = upToNextMajorVersion;
				minimumVersion = 2.4.1;
			};
		};
/* End XCRemoteSwiftPackageReference section */

/* Begin XCSwiftPackageProductDependency section */
		8E0F814E2CD2A9CB001AA3B2 /* FirebaseAnalytics */ = {
			isa = XCSwiftPackageProductDependency;
			package = 8E0F814D2CD2A9CB001AA3B2 /* XCRemoteSwiftPackageReference "firebase-ios-sdk" */;
			productName = FirebaseAnalytics;
		};
		8E0F81502CD2A9CB001AA3B2 /* FirebaseAuth */ = {
			isa = XCSwiftPackageProductDependency;
			package = 8E0F814D2CD2A9CB001AA3B2 /* XCRemoteSwiftPackageReference "firebase-ios-sdk" */;
			productName = FirebaseAuth;
		};
		8E0F81522CD2A9CB001AA3B2 /* FirebaseFirestore */ = {
			isa = XCSwiftPackageProductDependency;
			package = 8E0F814D2CD2A9CB001AA3B2 /* XCRemoteSwiftPackageReference "firebase-ios-sdk" */;
			productName = FirebaseFirestore;
		};
		8E0F81542CD2A9CB001AA3B2 /* FirebaseFunctions */ = {
			isa = XCSwiftPackageProductDependency;
			package = 8E0F814D2CD2A9CB001AA3B2 /* XCRemoteSwiftPackageReference "firebase-ios-sdk" */;
			productName = FirebaseFunctions;
		};
		8E0F81562CD2A9CB001AA3B2 /* FirebasePerformance */ = {
			isa = XCSwiftPackageProductDependency;
			package = 8E0F814D2CD2A9CB001AA3B2 /* XCRemoteSwiftPackageReference "firebase-ios-sdk" */;
			productName = FirebasePerformance;
		};
		8E0F81582CD2A9CB001AA3B2 /* FirebaseStorage */ = {
			isa = XCSwiftPackageProductDependency;
			package = 8E0F814D2CD2A9CB001AA3B2 /* XCRemoteSwiftPackageReference "firebase-ios-sdk" */;
			productName = FirebaseStorage;
		};
		8EF819F12CC9E79700C60229 /* MarkdownUI */ = {
			isa = XCSwiftPackageProductDependency;
			package = 8EF819F02CC9E79600C60229 /* XCRemoteSwiftPackageReference "swift-markdown-ui" */;
			productName = MarkdownUI;
		};
/* End XCSwiftPackageProductDependency section */
	};
	rootObject = 8E75C2DE2CC8903E00B03D14 /* Project object */;
}
